# THIS IS AN AUTOGENERATED FILE. DO NOT EDIT THIS FILE DIRECTLY.
# yarn lockfile v1


"@moddota/panorama-types@^1.21.0":
  version "1.21.0"
  resolved "https://registry.yarnpkg.com/@moddota/panorama-types/-/panorama-types-1.21.0.tgz#576fd7b352b046418c2f816f908a73a2d6a95652"
  integrity sha512-t6haAiG5na94mGe/yoV5MNz8JHm5I9ZXVsL5ZzT7AfCIQbhtclwwy5O0c1F00M76FrdmCFklrx1pPUzaKR352w==
  dependencies:
    tslib "^2.0.3"

tslib@^2.0.3:
  version "2.4.0"
  resolved "https://registry.yarnpkg.com/tslib/-/tslib-2.4.0.tgz#7cecaa7f073ce680a05847aa77be941098f36dc3"
  integrity sha512-d6xOpEDfsi2CZVlPQzGeux8XMwLT9hssAsaPYExaQMuYskwb+x1x7J371tWlbBdWHroy99KnVB6qIkUbs5X3UQ==
